
Microsoft Visual Studio Solution File, Format Version 12.00
# Visual Studio 15
VisualStudioVersion = 15.0.28010.2019
MinimumVisualStudioVersion = 10.0.40219.1
Project("{FAE04EC0-301F-11D3-BF4B-00C04F79EFBC}") = "Mewtocol_Lib", "Mewtocol_Lib\Mewtocol_Lib.csproj", "{C5FD5F47-42E6-45D5-9525-B5DE366D7D9C}"
EndProject
Project("{FAE04EC0-301F-11D3-BF4B-00C04F79EFBC}") = "Http_Server_Client", "Http_Server_Client\Http_Server_Client.csproj", "{39BFDCAA-A85B-4981-90BB-E441BB8A7C4A}"
EndProject
Global
	GlobalSection(SolutionConfigurationPlatforms) = preSolution
		Debug|Any CPU = Debug|Any CPU
		Release|Any CPU = Release|Any CPU
	EndGlobalSection
	GlobalSection(ProjectConfigurationPlatforms) = postSolution
		{C5FD5F47-42E6-45D5-9525-B5DE366D7D9C}.Debug|Any CPU.ActiveCfg = Debug|Any CPU
		{C5FD5F47-42E6-45D5-9525-B5DE366D7D9C}.Debug|Any CPU.Build.0 = Debug|Any CPU
		{C5FD5F47-42E6-45D5-9525-B5DE366D7D9C}.Release|Any CPU.ActiveCfg = Release|Any CPU
		{C5FD5F47-42E6-45D5-9525-B5DE366D7D9C}.Release|Any CPU.Build.0 = Release|Any CPU
		{39BFDCAA-A85B-4981-90BB-E441BB8A7C4A}.Debug|Any CPU.ActiveCfg = Debug|Any CPU
		{39BFDCAA-A85B-4981-90BB-E441BB8A7C4A}.Debug|Any CPU.Build.0 = Debug|Any CPU
		{39BFDCAA-A85B-4981-90BB-E441BB8A7C4A}.Release|Any CPU.ActiveCfg = Release|Any CPU
		{39BFDCAA-A85B-4981-90BB-E441BB8A7C4A}.Release|Any CPU.Build.0 = Release|Any CPU
	EndGlobalSection
	GlobalSection(SolutionProperties) = preSolution
		HideSolutionNode = FALSE
	EndGlobalSection
	GlobalSection(ExtensibilityGlobals) = postSolution
		SolutionGuid = {8BFA377E-16AA-42DD-8E74-C95FB4BE0113}
	EndGlobalSection
EndGlobal
